<?xml version="1.0" encoding="utf-8"?>
<Project ToolsVersion="4.0" xmlns="http://schemas.microsoft.com/developer/msbuild/2003">
  <ItemGroup>
    <ClCompile Include="App.cpp" />
    <ClCompile Include="Config.cpp" />
    <ClCompile Include="Curl.cpp" />
    <ClCompile Include="json_reader.cpp" />
    <ClCompile Include="json_value.cpp" />
    <ClCompile Include="json_writer.cpp" />
    <ClCompile Include="main.cpp" />
    <ClCompile Include="RSHash.cpp" />
    <ClCompile Include="Util.cpp" />
    <ClCompile Include="Blake512.cpp">
      <Filter>Hashing</Filter>
    </ClCompile>
    <ClCompile Include="Sha256.cpp">
      <Filter>Hashing</Filter>
    </ClCompile>
    <ClCompile Include="AppOpenCL.cpp" />
    <ClCompile Include="CPUMiner.cpp" />
  </ItemGroup>
  <ItemGroup>
    <ClInclude Include="App.h" />
    <ClInclude Include="Config.h" />
    <ClInclude Include="Curl.h" />
    <ClInclude Include="Global.h" />
    <ClInclude Include="json_batchallocator.h" />
    <ClInclude Include="RSHash.h" />
    <ClInclude Include="Util.h" />
    <ClInclude Include="Blake512.h">
      <Filter>Hashing</Filter>
    </ClInclude>
    <ClInclude Include="Sha256.h">
      <Filter>Hashing</Filter>
    </ClInclude>
    <ClInclude Include="AppOpenCL.h" />
    <ClInclude Include="CPUMiner.h" />
  </ItemGroup>
  <ItemGroup>
    <None Include="json_internalarray.inl" />
    <None Include="json_internalmap.inl" />
    <None Include="json_valueiterator.inl" />
  </ItemGroup>
  <ItemGroup>
    <Filter Include="Hashing">
      <UniqueIdentifier>{0bfbd84d-99cf-44f7-9cf8-b4dd9c991d09}</UniqueIdentifier>
    </Filter>
  </ItemGroup>
</Project>